
Microsoft Visual Studio Solution File, Format Version 12.00
# Visual Studio 15
VisualStudioVersion = 15.0.26403.7
MinimumVisualStudioVersion = 10.0.40219.1
Project("{FAE04EC0-301F-11D3-BF4B-00C04F79EFBC}") = "VORBS", "VORBS\VORBS.csproj", "{39C06688-9D12-4C37-9BED-ABF73DFC3F79}"
EndProject
Project("{2150E333-8FDC-42A3-9474-1A3956D46DE8}") = ".nuget", ".nuget", "{72B62D02-64D0-4892-8747-F3BD8D57EC2B}"
	ProjectSection(SolutionItems) = preProject
		.nuget\NuGet.Config = .nuget\NuGet.Config
		.nuget\NuGet.exe = .nuget\NuGet.exe
		.nuget\NuGet.targets = .nuget\NuGet.targets
	EndProjectSection
EndProject
Project("{2150E333-8FDC-42A3-9474-1A3956D46DE8}") = "Solution Items", "Solution Items", "{283A11B4-6132-4532-B67E-6352FDBDCC38}"
	ProjectSection(SolutionItems) = preProject
		Local.testsettings = Local.testsettings
		WE-Palette.css = WE-Palette.css
	EndProjectSection
EndProject
Project("{FAE04EC0-301F-11D3-BF4B-00C04F79EFBC}") = "VORBS.Tests", "VORBS.Tests\VORBS.Tests.csproj", "{104A8AC1-66C2-489A-AC83-FA4A6F112E9A}"
EndProject
Global
	GlobalSection(SolutionConfigurationPlatforms) = preSolution
		Debug|Any CPU = Debug|Any CPU
		Dev-Demo|Any CPU = Dev-Demo|Any CPU
		Dev-Dev|Any CPU = Dev-Dev|Any CPU
		Release|Any CPU = Release|Any CPU
	EndGlobalSection
	GlobalSection(ProjectConfigurationPlatforms) = postSolution
		{39C06688-9D12-4C37-9BED-ABF73DFC3F79}.Debug|Any CPU.ActiveCfg = Debug|Any CPU
		{39C06688-9D12-4C37-9BED-ABF73DFC3F79}.Debug|Any CPU.Build.0 = Debug|Any CPU
		{39C06688-9D12-4C37-9BED-ABF73DFC3F79}.Dev-Demo|Any CPU.ActiveCfg = Dev-Test|Any CPU
		{39C06688-9D12-4C37-9BED-ABF73DFC3F79}.Dev-Demo|Any CPU.Build.0 = Dev-Test|Any CPU
		{39C06688-9D12-4C37-9BED-ABF73DFC3F79}.Dev-Dev|Any CPU.ActiveCfg = Dev-Test|Any CPU
		{39C06688-9D12-4C37-9BED-ABF73DFC3F79}.Dev-Dev|Any CPU.Build.0 = Dev-Test|Any CPU
		{39C06688-9D12-4C37-9BED-ABF73DFC3F79}.Release|Any CPU.ActiveCfg = Release|Any CPU
		{39C06688-9D12-4C37-9BED-ABF73DFC3F79}.Release|Any CPU.Build.0 = Release|Any CPU
		{104A8AC1-66C2-489A-AC83-FA4A6F112E9A}.Debug|Any CPU.ActiveCfg = Debug|Any CPU
		{104A8AC1-66C2-489A-AC83-FA4A6F112E9A}.Debug|Any CPU.Build.0 = Debug|Any CPU
		{104A8AC1-66C2-489A-AC83-FA4A6F112E9A}.Dev-Demo|Any CPU.ActiveCfg = Debug|Any CPU
		{104A8AC1-66C2-489A-AC83-FA4A6F112E9A}.Dev-Demo|Any CPU.Build.0 = Debug|Any CPU
		{104A8AC1-66C2-489A-AC83-FA4A6F112E9A}.Dev-Dev|Any CPU.ActiveCfg = Debug|Any CPU
		{104A8AC1-66C2-489A-AC83-FA4A6F112E9A}.Dev-Dev|Any CPU.Build.0 = Debug|Any CPU
		{104A8AC1-66C2-489A-AC83-FA4A6F112E9A}.Release|Any CPU.ActiveCfg = Release|Any CPU
		{104A8AC1-66C2-489A-AC83-FA4A6F112E9A}.Release|Any CPU.Build.0 = Release|Any CPU
	EndGlobalSection
	GlobalSection(SolutionProperties) = preSolution
		HideSolutionNode = FALSE
	EndGlobalSection
EndGlobal
